{
  "requires": true,
  "lockfileVersion": 1,
  "dependencies": {
    "@vue/composition-api": {
      "version": "0.3.4",
      "resolved": "https://registry.npmjs.org/@vue/composition-api/-/composition-api-0.3.4.tgz",
      "integrity": "sha512-aMbg/pEk0PSQAIFyWWLqbAmaCCTx1kFq+49KZslIBJH9Wqos7eEPLtMv4gGxd/EcciBIgfbtUXaXGg/O3mheRA==",
      "requires": {
        "tslib": "^1.9.3"
      }
    },
    "tslib": {
      "version": "1.10.0",
      "resolved": "https://registry.npmjs.org/tslib/-/tslib-1.10.0.tgz",
      "integrity": "sha512-qOebF53frne81cf0S9B41ByenJ3/IuH8yJKngAX35CmiZySA0khhkovshKK+jGCaMnVomla7gVlIcc3EvKPbTQ=="
    },
    "vue": {
      "version": "2.6.11",
      "resolved": "https://registry.npmjs.org/vue/-/vue-2.6.11.tgz",
      "integrity": "sha512-VfPwgcGABbGAue9+sfrD4PuwFar7gPb1yl1UK1MwXoQPAw0BKSqWfoYCT/ThFrdEVWoI51dBuyCoiNU9bZDZxQ=="
    },
    "vue-class-component": {
      "version": "7.2.2",
      "resolved": "https://registry.npmjs.org/vue-class-component/-/vue-class-component-7.2.2.tgz",
      "integrity": "sha512-QjVfjRffux0rUBNtxr1hvUxDrfifDvk9q/OSdB/sKIlfxAudDF2E1YTeiEC+qOYIOOBGWkgSKQSnast6H+S38w=="
    },
    "vue-cli-plugin-axios": {
      "version": "0.0.4",
      "resolved": "https://registry.npmjs.org/vue-cli-plugin-axios/-/vue-cli-plugin-axios-0.0.4.tgz",
      "integrity": "sha512-p2b/fvPJuPBnvU8027PAAuU5DiOzUn2lku8XLG/f6c8FU0N+/MXWZAlOuHhqd9e7+KIZitwe/c8qlmv7TglbTg==",
      "dev": true
    },
    "vue-property-decorator": {
      "version": "8.3.0",
      "resolved": "https://registry.npmjs.org/vue-property-decorator/-/vue-property-decorator-8.3.0.tgz",
      "integrity": "sha512-77YtTbZHd5CNiPzbqv51kEgL48yvD2dUDfF28vEyw3MbQ9bBAb/tDyFzskcqjNRbWyXk1vq4oM2CK/LfhxuIBg==",
      "requires": {
        "vue-class-component": "^7.1.0"
      }
    },
    "vuex-module-decorators": {
      "version": "0.11.0",
      "resolved": "https://registry.npmjs.org/vuex-module-decorators/-/vuex-module-decorators-0.11.0.tgz",
      "integrity": "sha512-mQeH0F9C5eoDvhOxGLxc2eKAA+GT9MvCyauZZtQSvLjN3PX//oj9mlhpmMJH2/q9LOScZ8fBrX1qqd+aOKq/LA=="
    }
  }
}
